version: 6
environments:
  default:
    channels:
    - url: https://conda.anaconda.org/conda-forge/
    packages:
      osx-arm64:
      - conda: https://conda.anaconda.org/conda-forge/osx-arm64/aom-3.9.1-h7bae524_0.conda
      - conda: https://conda.anaconda.org/conda-forge/osx-arm64/blosc-1.21.6-h7dd00d9_1.conda
      - conda: https://conda.anaconda.org/conda-forge/osx-arm64/brotli-1.1.0-h6caf38d_4.conda
      - conda: https://conda.anaconda.org/conda-forge/osx-arm64/brotli-bin-1.1.0-h6caf38d_4.conda
      - conda: https://conda.anaconda.org/conda-forge/osx-arm64/brunsli-0.1-h9f76cd9_0.tar.bz2
      - conda: https://conda.anaconda.org/conda-forge/osx-arm64/bzip2-1.0.8-h99b78c6_7.conda
      - conda: https://conda.anaconda.org/conda-forge/osx-arm64/c-ares-1.34.5-h5505292_0.conda
      - conda: https://conda.anaconda.org/conda-forge/osx-arm64/c-blosc2-2.21.1-h9c47b6e_0.conda
      - conda: https://conda.anaconda.org/conda-forge/noarch/ca-certificates-2025.8.3-hbd8a1cb_0.conda
      - conda: https://conda.anaconda.org/conda-forge/osx-arm64/charls-2.4.2-h13dd4ca_0.conda
      - conda: https://conda.anaconda.org/conda-forge/osx-arm64/contourpy-1.3.3-py313hc50a443_2.conda
      - conda: https://conda.anaconda.org/conda-forge/noarch/cycler-0.12.1-pyhd8ed1ab_1.conda
      - conda: https://conda.anaconda.org/conda-forge/osx-arm64/dav1d-1.2.1-hb547adb_0.conda
      - conda: https://conda.anaconda.org/conda-forge/osx-arm64/fonttools-4.59.2-py313ha0c97b7_0.conda
      - conda: https://conda.anaconda.org/conda-forge/osx-arm64/freetype-2.13.3-hce30654_1.conda
      - conda: https://conda.anaconda.org/conda-forge/osx-arm64/giflib-5.2.2-h93a5062_0.conda
      - conda: https://conda.anaconda.org/conda-forge/osx-arm64/icu-75.1-hfee45f7_0.conda
      - conda: https://conda.anaconda.org/conda-forge/osx-arm64/imagecodecs-2025.8.2-py313h6da65f2_3.conda
      - conda: https://conda.anaconda.org/conda-forge/noarch/imageio-2.37.0-pyhfb79c49_0.conda
      - conda: https://conda.anaconda.org/conda-forge/noarch/importlib-metadata-8.7.0-pyhe01879c_1.conda
      - conda: https://conda.anaconda.org/conda-forge/noarch/jax-0.7.0-pyhd8ed1ab_0.conda
      - conda: https://conda.anaconda.org/conda-forge/osx-arm64/jaxlib-0.7.0-cpu_py313h3e4434d_0.conda
      - conda: https://conda.anaconda.org/conda-forge/osx-arm64/jxrlib-1.1-h93a5062_3.conda
      - conda: https://conda.anaconda.org/conda-forge/osx-arm64/kiwisolver-1.4.9-py313hf88c9ab_1.conda
      - conda: https://conda.anaconda.org/conda-forge/noarch/lazy-loader-0.4-pyhd8ed1ab_2.conda
      - conda: https://conda.anaconda.org/conda-forge/osx-arm64/lcms2-2.17-h7eeda09_0.conda
      - conda: https://conda.anaconda.org/conda-forge/osx-arm64/lerc-4.0.0-hd64df32_1.conda
      - conda: https://conda.anaconda.org/conda-forge/osx-arm64/libabseil-20250127.1-cxx17_h07bc746_0.conda
      - conda: https://conda.anaconda.org/conda-forge/osx-arm64/libaec-1.1.4-h51d1e36_0.conda
      - conda: https://conda.anaconda.org/conda-forge/osx-arm64/libavif16-1.3.0-hb06b76e_2.conda
      - conda: https://conda.anaconda.org/conda-forge/osx-arm64/libblas-3.9.0-34_h10e41b3_openblas.conda
      - conda: https://conda.anaconda.org/conda-forge/osx-arm64/libbrotlicommon-1.1.0-h6caf38d_4.conda
      - conda: https://conda.anaconda.org/conda-forge/osx-arm64/libbrotlidec-1.1.0-h6caf38d_4.conda
      - conda: https://conda.anaconda.org/conda-forge/osx-arm64/libbrotlienc-1.1.0-h6caf38d_4.conda
      - conda: https://conda.anaconda.org/conda-forge/osx-arm64/libcblas-3.9.0-34_hb3479ef_openblas.conda
      - conda: https://conda.anaconda.org/conda-forge/osx-arm64/libcxx-21.1.0-hf598326_1.conda
      - conda: https://conda.anaconda.org/conda-forge/osx-arm64/libdeflate-1.24-h5773f1b_0.conda
      - conda: https://conda.anaconda.org/conda-forge/osx-arm64/libexpat-2.7.1-hec049ff_0.conda
      - conda: https://conda.anaconda.org/conda-forge/osx-arm64/libffi-3.4.6-h1da3d7d_1.conda
      - conda: https://conda.anaconda.org/conda-forge/osx-arm64/libfreetype-2.13.3-hce30654_1.conda
      - conda: https://conda.anaconda.org/conda-forge/osx-arm64/libfreetype6-2.13.3-h1d14073_1.conda
      - conda: https://conda.anaconda.org/conda-forge/osx-arm64/libgfortran-15.1.0-hfdf1602_1.conda
      - conda: https://conda.anaconda.org/conda-forge/osx-arm64/libgfortran5-15.1.0-hb74de2c_1.conda
      - conda: https://conda.anaconda.org/conda-forge/osx-arm64/libgrpc-1.71.0-h857da87_1.conda
      - conda: https://conda.anaconda.org/conda-forge/osx-arm64/libhwy-1.3.0-hf6a9ce8_0.conda
      - conda: https://conda.anaconda.org/conda-forge/osx-arm64/libjpeg-turbo-3.1.0-h5505292_0.conda
      - conda: https://conda.anaconda.org/conda-forge/osx-arm64/libjxl-0.11.1-h310c780_3.conda
      - conda: https://conda.anaconda.org/conda-forge/osx-arm64/liblapack-3.9.0-34_hc9a63f6_openblas.conda
      - conda: https://conda.anaconda.org/conda-forge/osx-arm64/liblzma-5.8.1-h39f12f2_2.conda
      - conda: https://conda.anaconda.org/conda-forge/osx-arm64/libmpdec-4.0.0-h5505292_0.conda
      - conda: https://conda.anaconda.org/conda-forge/osx-arm64/libopenblas-0.3.30-openmp_h60d53f8_2.conda
      - conda: https://conda.anaconda.org/conda-forge/osx-arm64/libpng-1.6.50-h280e0eb_1.conda
      - conda: https://conda.anaconda.org/conda-forge/osx-arm64/libprotobuf-5.29.3-h6c9c1dd_2.conda
      - conda: https://conda.anaconda.org/conda-forge/osx-arm64/libre2-11-2025.06.26-hd41c47c_0.conda
      - conda: https://conda.anaconda.org/conda-forge/osx-arm64/libsqlite-3.50.4-h4237e3c_0.conda
      - conda: https://conda.anaconda.org/conda-forge/osx-arm64/libtiff-4.7.0-h025e3ab_6.conda
      - conda: https://conda.anaconda.org/conda-forge/osx-arm64/libwebp-base-1.6.0-h07db88b_0.conda
      - conda: https://conda.anaconda.org/conda-forge/osx-arm64/libxcb-1.17.0-hdb1d25a_0.conda
      - conda: https://conda.anaconda.org/conda-forge/osx-arm64/libzlib-1.3.1-h8359307_2.conda
      - conda: https://conda.anaconda.org/conda-forge/osx-arm64/libzopfli-1.0.3-h9f76cd9_0.tar.bz2
      - conda: https://conda.anaconda.org/conda-forge/osx-arm64/llvm-openmp-21.1.0-hbb9b287_0.conda
      - conda: https://conda.anaconda.org/conda-forge/osx-arm64/lz4-c-1.10.0-h286801f_1.conda
      - conda: https://conda.anaconda.org/conda-forge/osx-arm64/matplotlib-3.10.5-py313h39782a4_0.conda
      - conda: https://conda.anaconda.org/conda-forge/osx-arm64/matplotlib-base-3.10.5-py313h919948c_0.conda
      - conda: https://conda.anaconda.org/conda-forge/osx-arm64/ml_dtypes-0.5.1-py313h668b085_0.conda
      - conda: https://conda.anaconda.org/conda-forge/noarch/munkres-1.1.4-pyhd8ed1ab_1.conda
      - conda: https://conda.anaconda.org/conda-forge/osx-arm64/ncurses-6.5-h5e97a16_3.conda
      - conda: https://conda.anaconda.org/conda-forge/noarch/networkx-3.5-pyhe01879c_0.conda
      - conda: https://conda.anaconda.org/conda-forge/osx-arm64/numpy-2.3.2-py313h674b998_2.conda
      - conda: https://conda.anaconda.org/conda-forge/osx-arm64/openjpeg-2.5.3-h889cd5d_1.conda
      - conda: https://conda.anaconda.org/conda-forge/osx-arm64/openssl-3.5.2-he92f556_0.conda
      - conda: https://conda.anaconda.org/conda-forge/noarch/opt_einsum-3.4.0-pyhd8ed1ab_1.conda
      - conda: https://conda.anaconda.org/conda-forge/noarch/packaging-25.0-pyh29332c3_1.conda
      - conda: https://conda.anaconda.org/conda-forge/osx-arm64/pillow-11.3.0-py313hb37fac4_0.conda
      - conda: https://conda.anaconda.org/conda-forge/osx-arm64/psutil-7.0.0-py313hcdf3177_1.conda
      - conda: https://conda.anaconda.org/conda-forge/osx-arm64/pthread-stubs-0.4-hd74edd7_1002.conda
      - conda: https://conda.anaconda.org/conda-forge/noarch/pyparsing-3.2.3-pyhe01879c_2.conda
      - conda: https://conda.anaconda.org/conda-forge/osx-arm64/python-3.13.5-hf3f3da0_102_cp313.conda
      - conda: https://conda.anaconda.org/conda-forge/noarch/python-dateutil-2.9.0.post0-pyhe01879c_2.conda
      - conda: https://conda.anaconda.org/conda-forge/noarch/python_abi-3.13-8_cp313.conda
      - conda: https://conda.anaconda.org/conda-forge/osx-arm64/pywavelets-1.9.0-py313h2732efb_1.conda
      - conda: https://conda.anaconda.org/conda-forge/osx-arm64/qhull-2020.2-h420ef59_5.conda
      - conda: https://conda.anaconda.org/conda-forge/osx-arm64/rav1e-0.7.1-h0716509_3.conda
      - conda: https://conda.anaconda.org/conda-forge/osx-arm64/re2-2025.06.26-h6589ca4_0.conda
      - conda: https://conda.anaconda.org/conda-forge/osx-arm64/readline-8.2-h1d1bf99_2.conda
      - conda: https://conda.anaconda.org/conda-forge/osx-arm64/scikit-image-0.25.2-py313h668b085_1.conda
      - conda: https://conda.anaconda.org/conda-forge/osx-arm64/scipy-1.16.1-py313h7d0615d_1.conda
      - conda: https://conda.anaconda.org/conda-forge/noarch/six-1.17.0-pyhe01879c_1.conda
      - conda: https://conda.anaconda.org/conda-forge/osx-arm64/snappy-1.2.2-hd121638_0.conda
      - conda: https://conda.anaconda.org/conda-forge/osx-arm64/svt-av1-3.1.2-h12ba402_0.conda
      - conda: https://conda.anaconda.org/conda-forge/noarch/tifffile-2025.8.28-pyhd8ed1ab_0.conda
      - conda: https://conda.anaconda.org/conda-forge/osx-arm64/tk-8.6.13-h892fb3f_2.conda
      - conda: https://conda.anaconda.org/conda-forge/osx-arm64/tornado-6.5.2-py313hcdf3177_0.conda
      - conda: https://conda.anaconda.org/conda-forge/noarch/tzdata-2025b-h78e105d_0.conda
      - conda: https://conda.anaconda.org/conda-forge/osx-arm64/xorg-libxau-1.0.12-h5505292_0.conda
      - conda: https://conda.anaconda.org/conda-forge/osx-arm64/xorg-libxdmcp-1.1.5-hd74edd7_0.conda
      - conda: https://conda.anaconda.org/conda-forge/osx-arm64/zfp-1.0.1-hfd287c0_3.conda
      - conda: https://conda.anaconda.org/conda-forge/noarch/zipp-3.23.0-pyhd8ed1ab_0.conda
      - conda: https://conda.anaconda.org/conda-forge/osx-arm64/zlib-ng-2.2.5-hf787086_0.conda
      - conda: https://conda.anaconda.org/conda-forge/osx-arm64/zstd-1.5.7-h6491c7d_2.conda
packages:
- conda: https://conda.anaconda.org/conda-forge/osx-arm64/aom-3.9.1-h7bae524_0.conda
  sha256: ec238f18ce8140485645252351a0eca9ef4f7a1c568a420f240a585229bc12ef
  md5: 7adba36492a1bb22d98ffffe4f6fc6de
  depends:
  - __osx >=11.0
  - libcxx >=16
  license: BSD-2-Clause
  license_family: BSD
  size: 2235747
  timestamp: 1718551382432
- conda: https://conda.anaconda.org/conda-forge/osx-arm64/blosc-1.21.6-h7dd00d9_1.conda
  sha256: c3fe902114b9a3ac837e1a32408cc2142c147ec054c1038d37aec6814343f48a
  md5: 925acfb50a750aa178f7a0aced77f351
  depends:
  - __osx >=11.0
  - libcxx >=18
  - libzlib >=1.3.1,<2.0a0
  - lz4-c >=1.10.0,<1.11.0a0
  - snappy >=1.2.1,<1.3.0a0
  - zstd >=1.5.6,<1.6.0a0
  license: BSD-3-Clause
  license_family: BSD
  size: 33602
  timestamp: 1733513285902
- conda: https://conda.anaconda.org/conda-forge/osx-arm64/brotli-1.1.0-h6caf38d_4.conda
  sha256: 8aa8ee52b95fdc3ef09d476cbfa30df722809b16e6dca4a4f80e581012035b7b
  md5: ce8659623cea44cc812bc0bfae4041c5
  depends:
  - __osx >=11.0
  - brotli-bin 1.1.0 h6caf38d_4
  - libbrotlidec 1.1.0 h6caf38d_4
  - libbrotlienc 1.1.0 h6caf38d_4
  license: MIT
  size: 20003
  timestamp: 1756599758165
- conda: https://conda.anaconda.org/conda-forge/osx-arm64/brotli-bin-1.1.0-h6caf38d_4.conda
  sha256: e57d402b02c9287b7c02d9947d7b7b55a4f7d73341c210c233f6b388d4641e08
  md5: ab57f389f304c4d2eb86d8ae46d219c3
  depends:
  - __osx >=11.0
  - libbrotlidec 1.1.0 h6caf38d_4
  - libbrotlienc 1.1.0 h6caf38d_4
  license: MIT
  size: 17373
  timestamp: 1756599741779
- conda: https://conda.anaconda.org/conda-forge/osx-arm64/brunsli-0.1-h9f76cd9_0.tar.bz2
  sha256: 816f929193a614b9a663e76e4267994ad99d04812b8a8e513e957d750deb4b04
  md5: 37a072dad6b844df1b5a32428bb08692
  depends:
  - brotli >=1.0.9,<2.0a0
  - libcxx >=11.0.0
  license: MIT
  license_family: MIT
  size: 178300
  timestamp: 1607309265926
- conda: https://conda.anaconda.org/conda-forge/osx-arm64/bzip2-1.0.8-h99b78c6_7.conda
  sha256: adfa71f158cbd872a36394c56c3568e6034aa55c623634b37a4836bd036e6b91
  md5: fc6948412dbbbe9a4c9ddbbcfe0a79ab
  depends:
  - __osx >=11.0
  license: bzip2-1.0.6
  license_family: BSD
  size: 122909
  timestamp: 1720974522888
- conda: https://conda.anaconda.org/conda-forge/osx-arm64/c-ares-1.34.5-h5505292_0.conda
  sha256: b4bb55d0806e41ffef94d0e3f3c97531f322b3cb0ca1f7cdf8e47f62538b7a2b
  md5: f8cd1beb98240c7edb1a95883360ccfa
  depends:
  - __osx >=11.0
  license: MIT
  license_family: MIT
  size: 179696
  timestamp: 1744128058734
- conda: https://conda.anaconda.org/conda-forge/osx-arm64/c-blosc2-2.21.1-h9c47b6e_0.conda
  sha256: b6d85d27649d924069f957603d9f1c93efe168b2d6ed5b4d158e7d980d440583
  md5: 0a8ea83cd1240a82b77d5e5831e0d7aa
  depends:
  - __osx >=11.0
  - libcxx >=19
  - lz4-c >=1.10.0,<1.11.0a0
  - zlib-ng >=2.2.5,<2.3.0a0
  - zstd >=1.5.7,<1.6.0a0
  license: BSD-3-Clause
  license_family: BSD
  size: 253977
  timestamp: 1755630996417
- conda: https://conda.anaconda.org/conda-forge/noarch/ca-certificates-2025.8.3-hbd8a1cb_0.conda
  sha256: 837b795a2bb39b75694ba910c13c15fa4998d4bb2a622c214a6a5174b2ae53d1
  md5: 74784ee3d225fc3dca89edb635b4e5cc
  depends:
  - __unix
  license: ISC
  size: 154402
  timestamp: 1754210968730
- conda: https://conda.anaconda.org/conda-forge/osx-arm64/charls-2.4.2-h13dd4ca_0.conda
  sha256: b9f79954e6d37ad59016b434abfdd096a75ff08c6de14e5198bcea497a10fae5
  md5: 6faf3cf8df25572c7f70138a45f37363
  depends:
  - libcxx >=15.0.7
  license: BSD-3-Clause
  license_family: BSD
  size: 116255
  timestamp: 1684263271583
- conda: https://conda.anaconda.org/conda-forge/osx-arm64/contourpy-1.3.3-py313hc50a443_2.conda
  sha256: 7979594ebdb0e5e5b5d374af67e68a8f614d9a6de55417dad0b6b246a2399962
  md5: 5b18003b1d9e2b7806a19b9d464c7a50
  depends:
  - __osx >=11.0
  - libcxx >=19
  - numpy >=1.25
  - python >=3.13,<3.14.0a0
  - python >=3.13,<3.14.0a0 *_cp313
  - python_abi 3.13.* *_cp313
  license: BSD-3-Clause
  size: 260411
  timestamp: 1756545032560
- conda: https://conda.anaconda.org/conda-forge/noarch/cycler-0.12.1-pyhd8ed1ab_1.conda
  sha256: 9827efa891e507a91a8a2acf64e210d2aff394e1cde432ad08e1f8c66b12293c
  md5: 44600c4667a319d67dbe0681fc0bc833
  depends:
  - python >=3.9
  license: BSD-3-Clause
  license_family: BSD
  size: 13399
  timestamp: 1733332563512
- conda: https://conda.anaconda.org/conda-forge/osx-arm64/dav1d-1.2.1-hb547adb_0.conda
  sha256: 93e077b880a85baec8227e8c72199220c7f87849ad32d02c14fb3807368260b8
  md5: 5a74cdee497e6b65173e10d94582fae6
  license: BSD-2-Clause
  license_family: BSD
  size: 316394
  timestamp: 1685695959391
- conda: https://conda.anaconda.org/conda-forge/osx-arm64/fonttools-4.59.2-py313ha0c97b7_0.conda
  sha256: 2e5b6aa525762a1935e1b30f56a1934772f8b5d6aedceb48a464656313cd860f
  md5: 8c978e51603fc2ce103a9501d355cfb8
  depends:
  - __osx >=11.0
  - brotli
  - munkres
  - python >=3.13,<3.14.0a0
  - python >=3.13,<3.14.0a0 *_cp313
  - python_abi 3.13.* *_cp313
  license: MIT
  license_family: MIT
  size: 2859733
  timestamp: 1756329109430
- conda: https://conda.anaconda.org/conda-forge/osx-arm64/freetype-2.13.3-hce30654_1.conda
  sha256: 6b63c72ea51a41d41964841404564c0729fdddd3e952e2715839fd759b7cfdfc
  md5: e684de4644067f1956a580097502bf03
  depends:
  - libfreetype 2.13.3 hce30654_1
  - libfreetype6 2.13.3 h1d14073_1
  license: GPL-2.0-only OR FTL
  size: 172220
  timestamp: 1745370149658
- conda: https://conda.anaconda.org/conda-forge/osx-arm64/giflib-5.2.2-h93a5062_0.conda
  sha256: 843b3f364ff844137e37d5c0a181f11f6d51adcedd216f019d074e5aa5d7e09c
  md5: 95fa1486c77505330c20f7202492b913
  license: MIT
  license_family: MIT
  size: 71613
  timestamp: 1712692611426
- conda: https://conda.anaconda.org/conda-forge/osx-arm64/icu-75.1-hfee45f7_0.conda
  sha256: 9ba12c93406f3df5ab0a43db8a4b4ef67a5871dfd401010fbe29b218b2cbe620
  md5: 5eb22c1d7b3fc4abb50d92d621583137
  depends:
  - __osx >=11.0
  license: MIT
  license_family: MIT
  size: 11857802
  timestamp: 1720853997952
- conda: https://conda.anaconda.org/conda-forge/osx-arm64/imagecodecs-2025.8.2-py313h6da65f2_3.conda
  sha256: b21f5bcafe348cb39b977e733ba8fc13a8fb73bf77aa4953fbf05249987c5617
  md5: 3bc2cf433cfaa22bf77da2d1b4544dda
  depends:
  - __osx >=11.0
  - blosc >=1.21.6,<2.0a0
  - brunsli >=0.1,<1.0a0
  - bzip2 >=1.0.8,<2.0a0
  - c-blosc2 >=2.21.1,<2.22.0a0
  - charls >=2.4.2,<2.5.0a0
  - giflib >=5.2.2,<5.3.0a0
  - jxrlib >=1.1,<1.2.0a0
  - lcms2 >=2.17,<3.0a0
  - lerc >=4.0.0,<5.0a0
  - libaec >=1.1.4,<2.0a0
  - libavif16 >=1.3.0,<2.0a0
  - libbrotlicommon >=1.1.0,<1.2.0a0
  - libbrotlidec >=1.1.0,<1.2.0a0
  - libbrotlienc >=1.1.0,<1.2.0a0
  - libcxx >=19
  - libdeflate >=1.24,<1.25.0a0
  - libjpeg-turbo >=3.1.0,<4.0a0
  - libjxl >=0.11,<0.12.0a0
  - liblzma >=5.8.1,<6.0a0
  - libpng >=1.6.50,<1.7.0a0
  - libtiff >=4.7.0,<4.8.0a0
  - libwebp-base >=1.6.0,<2.0a0
  - libzlib >=1.3.1,<2.0a0
  - libzopfli >=1.0.3,<1.1.0a0
  - lz4-c >=1.10.0,<1.11.0a0
  - numpy >=1.23,<3
  - openjpeg >=2.5.3,<3.0a0
  - python >=3.13,<3.14.0a0
  - python >=3.13,<3.14.0a0 *_cp313
  - python_abi 3.13.* *_cp313
  - snappy >=1.2.2,<1.3.0a0
  - zfp >=1.0.1,<2.0a0
  - zlib-ng >=2.2.5,<2.3.0a0
  - zstd >=1.5.7,<1.6.0a0
  license: BSD-3-Clause
  license_family: BSD
  size: 1685829
  timestamp: 1756631164599
- conda: https://conda.anaconda.org/conda-forge/noarch/imageio-2.37.0-pyhfb79c49_0.conda
  sha256: 8ef69fa00c68fad34a3b7b260ea774fda9bd9274fd706d3baffb9519fd0063fe
  md5: b5577bc2212219566578fd5af9993af6
  depends:
  - numpy
  - pillow >=8.3.2
  - python >=3.9
  license: BSD-2-Clause
  license_family: BSD
  size: 293226
  timestamp: 1738273949742
- conda: https://conda.anaconda.org/conda-forge/noarch/importlib-metadata-8.7.0-pyhe01879c_1.conda
  sha256: c18ab120a0613ada4391b15981d86ff777b5690ca461ea7e9e49531e8f374745
  md5: 63ccfdc3a3ce25b027b8767eb722fca8
  depends:
  - python >=3.9
  - zipp >=3.20
  - python
  license: Apache-2.0
  license_family: APACHE
  size: 34641
  timestamp: 1747934053147
- conda: https://conda.anaconda.org/conda-forge/noarch/jax-0.7.0-pyhd8ed1ab_0.conda
  sha256: c9dfa0d2fd5e42de88c8d2f62f495b6747a7d08310c4bbf94d0fa7e0dcaad573
  md5: cf9f37f6340f024ff8e3c3666de41bf5
  depends:
  - importlib-metadata >=4.6
  - jaxlib >=0.7.0,<=0.7.0
  - ml_dtypes >=0.5.0
  - numpy >=1.26
  - opt_einsum
  - python >=3.11
  - scipy >=1.12
  constrains:
  - cudnn >=9.8,<10.0
  license: Apache-2.0
  license_family: APACHE
  size: 1836006
  timestamp: 1753869796115
- conda: https://conda.anaconda.org/conda-forge/osx-arm64/jaxlib-0.7.0-cpu_py313h3e4434d_0.conda
  sha256: f5e9f1e068e8689c11cf3d7045165c10277db41eb10b6ad5fa5d4b62802c141f
  md5: a14f6f9dcc4c030f549931f5a879cf59
  depends:
  - __osx >=11.0
  - libabseil * cxx17*
  - libabseil >=20250127.1,<20250128.0a0
  - libcxx >=19
  - libgrpc >=1.71.0,<1.72.0a0
  - libzlib >=1.3.1,<2.0a0
  - ml_dtypes >=0.2.0
  - numpy >=1.23,<3
  - openssl >=3.5.1,<4.0a0
  - python >=3.13,<3.14.0a0
  - python >=3.13,<3.14.0a0 *_cp313
  - python_abi 3.13.* *_cp313
  - scipy >=1.9
  constrains:
  - jax >=0.7.0
  license: Apache-2.0
  license_family: APACHE
  size: 53900105
  timestamp: 1753579262998
- conda: https://conda.anaconda.org/conda-forge/osx-arm64/jxrlib-1.1-h93a5062_3.conda
  sha256: c9e0d3cf9255d4585fa9b3d07ace3bd934fdc6a67ef4532e5507282eff2364ab
  md5: 879997fd868f8e9e4c2a12aec8583799
  license: BSD-2-Clause
  license_family: BSD
  size: 197843
  timestamp: 1703334079437
- conda: https://conda.anaconda.org/conda-forge/osx-arm64/kiwisolver-1.4.9-py313hf88c9ab_1.conda
  sha256: 18e99c68458ddb014eb37b959a61be5c3a3a802534e5c33b14130e7ec0c18481
  md5: 109f613ee5f40f67e379e3fd17e97c19
  depends:
  - python
  - libcxx >=19
  - python 3.13.* *_cp313
  - __osx >=11.0
  - python_abi 3.13.* *_cp313
  license: BSD-3-Clause
  license_family: BSD
  size: 68324
  timestamp: 1756467625109
- conda: https://conda.anaconda.org/conda-forge/noarch/lazy-loader-0.4-pyhd8ed1ab_2.conda
  sha256: d7ea986507090fff801604867ef8e79c8fda8ec21314ba27c032ab18df9c3411
  md5: d10d9393680734a8febc4b362a4c94f2
  depends:
  - importlib-metadata
  - packaging
  - python >=3.9
  license: BSD-3-Clause
  license_family: BSD
  size: 16298
  timestamp: 1733636905835
- conda: https://conda.anaconda.org/conda-forge/osx-arm64/lcms2-2.17-h7eeda09_0.conda
  sha256: 310a62c2f074ebd5aa43b3cd4b00d46385ce680fa2132ecee255a200e2d2f15f
  md5: 92a61fd30b19ebd5c1621a5bfe6d8b5f
  depends:
  - __osx >=11.0
  - libjpeg-turbo >=3.0.0,<4.0a0
  - libtiff >=4.7.0,<4.8.0a0
  license: MIT
  license_family: MIT
  size: 212125
  timestamp: 1739161108467
- conda: https://conda.anaconda.org/conda-forge/osx-arm64/lerc-4.0.0-hd64df32_1.conda
  sha256: 12361697f8ffc9968907d1a7b5830e34c670e4a59b638117a2cdfed8f63a38f8
  md5: a74332d9b60b62905e3d30709df08bf1
  depends:
  - __osx >=11.0
  - libcxx >=18
  license: Apache-2.0
  license_family: Apache
  size: 188306
  timestamp: 1745264362794
- conda: https://conda.anaconda.org/conda-forge/osx-arm64/libabseil-20250127.1-cxx17_h07bc746_0.conda
  sha256: 9884f855bdfd5cddac209df90bdddae8b3a6d8accfd2d3f52bc9db2f9ebb69c9
  md5: 26aabb99a8c2806d8f617fd135f2fc6f
  depends:
  - __osx >=11.0
  - libcxx >=18
  constrains:
  - abseil-cpp =20250127.1
  - libabseil-static =20250127.1=cxx17*
  license: Apache-2.0
  license_family: Apache
  size: 1192962
  timestamp: 1742369814061
- conda: https://conda.anaconda.org/conda-forge/osx-arm64/libaec-1.1.4-h51d1e36_0.conda
  sha256: 0ea6b73b3fb1511615d9648186a7409e73b7a8d9b3d890d39df797730e3d1dbb
  md5: 8ed0f86b7a5529b98ec73b43a53ce800
  depends:
  - __osx >=11.0
  - libcxx >=18
  license: BSD-2-Clause
  license_family: BSD
  size: 30173
  timestamp: 1749993648288
- conda: https://conda.anaconda.org/conda-forge/osx-arm64/libavif16-1.3.0-hb06b76e_2.conda
  sha256: 8bd31f1fc65a177815d9abebf42768a1d8b5b07b055d54485bcb4b1beb93993a
  md5: ab7aaf5c139849228894d3ac72ec8f77
  depends:
  - __osx >=11.0
  - aom >=3.9.1,<3.10.0a0
  - dav1d >=1.2.1,<1.2.2.0a0
  - rav1e >=0.7.1,<0.8.0a0
  - svt-av1 >=3.1.2,<3.1.3.0a0
  license: BSD-2-Clause
  license_family: BSD
  size: 110723
  timestamp: 1756124882419
- conda: https://conda.anaconda.org/conda-forge/osx-arm64/libblas-3.9.0-34_h10e41b3_openblas.conda
  build_number: 34
  sha256: 5de3c3bfcdc8ba05da1a7815c9953fe392c2065d9efdc2491f91df6d0d1d9e76
  md5: cdb3e1ca1661dbf19f9aad7dad524996
  depends:
  - libopenblas >=0.3.30,<0.3.31.0a0
  - libopenblas >=0.3.30,<1.0a0
  constrains:
  - blas 2.134   openblas
  - mkl <2025
  - liblapacke 3.9.0   34*_openblas
  - libcblas   3.9.0   34*_openblas
  - liblapack  3.9.0   34*_openblas
  license: BSD-3-Clause
  license_family: BSD
  size: 19533
  timestamp: 1754678956963
- conda: https://conda.anaconda.org/conda-forge/osx-arm64/libbrotlicommon-1.1.0-h6caf38d_4.conda
  sha256: 023b609ecc35bfee7935d65fcc5aba1a3ba6807cbba144a0730198c0914f7c79
  md5: 231cffe69d41716afe4525c5c1cc5ddd
  depends:
  - __osx >=11.0
  license: MIT
  size: 68938
  timestamp: 1756599687687
- conda: https://conda.anaconda.org/conda-forge/osx-arm64/libbrotlidec-1.1.0-h6caf38d_4.conda
  sha256: 7f1cf83a00a494185fc087b00c355674a0f12e924b1b500d2c20519e98fdc064
  md5: cb7e7fe96c9eee23a464afd57648d2cd
  depends:
  - __osx >=11.0
  - libbrotlicommon 1.1.0 h6caf38d_4
  license: MIT
  size: 29015
  timestamp: 1756599708339
- conda: https://conda.anaconda.org/conda-forge/osx-arm64/libbrotlienc-1.1.0-h6caf38d_4.conda
  sha256: a2f2c1c2369360147c46f48124a3a17f5122e78543275ff9788dc91a1d5819dc
  md5: 4ce5651ae5cd6eebc5899f9bfe0eac3c
  depends:
  - __osx >=11.0
  - libbrotlicommon 1.1.0 h6caf38d_4
  license: MIT
  size: 275791
  timestamp: 1756599724058
- conda: https://conda.anaconda.org/conda-forge/osx-arm64/libcblas-3.9.0-34_hb3479ef_openblas.conda
  build_number: 34
  sha256: 6639f6c6b2e76cb1be62cd6d9033bda7dc3fab2e5a80f5be4b5c522c27dcba17
  md5: e15018d609b8957c146dcb6c356dd50c
  depends:
  - libblas 3.9.0 34_h10e41b3_openblas
  constrains:
  - liblapack  3.9.0   34*_openblas
  - blas 2.134   openblas
  - liblapacke 3.9.0   34*_openblas
  license: BSD-3-Clause
  license_family: BSD
  size: 19521
  timestamp: 1754678970336
- conda: https://conda.anaconda.org/conda-forge/osx-arm64/libcxx-21.1.0-hf598326_1.conda
  sha256: 58427116dc1b58b13b48163808daa46aacccc2c79d40000f8a3582938876fed7
  md5: 0fb2c0c9b1c1259bc7db75c1342b1d99
  depends:
  - __osx >=11.0
  license: Apache-2.0 WITH LLVM-exception
  license_family: Apache
  size: 568692
  timestamp: 1756698505599
- conda: https://conda.anaconda.org/conda-forge/osx-arm64/libdeflate-1.24-h5773f1b_0.conda
  sha256: 417d52b19c679e1881cce3f01cad3a2d542098fa2d6df5485aac40f01aede4d1
  md5: 3baf58a5a87e7c2f4d243ce2f8f2fe5c
  depends:
  - __osx >=11.0
  license: MIT
  license_family: MIT
  size: 54790
  timestamp: 1747040549847
- conda: https://conda.anaconda.org/conda-forge/osx-arm64/libexpat-2.7.1-hec049ff_0.conda
  sha256: 8fbb17a56f51e7113ed511c5787e0dec0d4b10ef9df921c4fd1cccca0458f648
  md5: b1ca5f21335782f71a8bd69bdc093f67
  depends:
  - __osx >=11.0
  constrains:
  - expat 2.7.1.*
  license: MIT
  license_family: MIT
  size: 65971
  timestamp: 1752719657566
- conda: https://conda.anaconda.org/conda-forge/osx-arm64/libffi-3.4.6-h1da3d7d_1.conda
  sha256: c6a530924a9b14e193ea9adfe92843de2a806d1b7dbfd341546ece9653129e60
  md5: c215a60c2935b517dcda8cad4705734d
  depends:
  - __osx >=11.0
  license: MIT
  license_family: MIT
  size: 39839
  timestamp: 1743434670405
- conda: https://conda.anaconda.org/conda-forge/osx-arm64/libfreetype-2.13.3-hce30654_1.conda
  sha256: 1f8c16703fe333cdc2639f7cdaf677ac2120843453222944a7c6c85ec342903c
  md5: d06282e08e55b752627a707d58779b8f
  depends:
  - libfreetype6 >=2.13.3
  license: GPL-2.0-only OR FTL
  size: 7813
  timestamp: 1745370144506
- conda: https://conda.anaconda.org/conda-forge/osx-arm64/libfreetype6-2.13.3-h1d14073_1.conda
  sha256: c278df049b1a071841aa0aca140a338d087ea594e07dcf8a871d2cfe0e330e75
  md5: b163d446c55872ef60530231879908b9
  depends:
  - __osx >=11.0
  - libpng >=1.6.47,<1.7.0a0
  - libzlib >=1.3.1,<2.0a0
  constrains:
  - freetype >=2.13.3
  license: GPL-2.0-only OR FTL
  size: 333529
  timestamp: 1745370142848
- conda: https://conda.anaconda.org/conda-forge/osx-arm64/libgfortran-15.1.0-hfdf1602_1.conda
  sha256: 981e3fac416e80b007a2798d6c1d4357ebebeb72a039aca1fb3a7effe9dcae86
  md5: c98207b6e2b1a309abab696d229f163e
  depends:
  - libgfortran5 15.1.0 hb74de2c_1
  license: GPL-3.0-only WITH GCC-exception-3.1
  license_family: GPL
  size: 134383
  timestamp: 1756239485494
- conda: https://conda.anaconda.org/conda-forge/osx-arm64/libgfortran5-15.1.0-hb74de2c_1.conda
  sha256: 1f8f5b2fdd0d2559d0f3bade8da8f57e9ee9b54685bd6081c6d6d9a2b0239b41
  md5: 4281bd1c654cb4f5cab6392b3330451f
  depends:
  - llvm-openmp >=8.0.0
  constrains:
  - libgfortran 15.1.0
  license: GPL-3.0-only WITH GCC-exception-3.1
  license_family: GPL
  size: 759679
  timestamp: 1756238772083
- conda: https://conda.anaconda.org/conda-forge/osx-arm64/libgrpc-1.71.0-h857da87_1.conda
  sha256: 082668830025c2a2842165724b44d4f742688353932a6705cd61aa4ecb9aa173
  md5: 59fe16787c94d3dc92f2dfa533de97c6
  depends:
  - __osx >=11.0
  - c-ares >=1.34.5,<2.0a0
  - libabseil * cxx17*
  - libabseil >=20250127.1,<20250128.0a0
  - libcxx >=18
  - libprotobuf >=5.29.3,<5.29.4.0a0
  - libre2-11 >=2024.7.2
  - libzlib >=1.3.1,<2.0a0
  - openssl >=3.5.0,<4.0a0
  - re2
  constrains:
  - grpc-cpp =1.71.0
  license: Apache-2.0
  license_family: APACHE
  size: 4908484
  timestamp: 1745191611284
- conda: https://conda.anaconda.org/conda-forge/osx-arm64/libhwy-1.3.0-hf6a9ce8_0.conda
  sha256: 33db242a62139c9ba55741d0119609376761e235230ea4a3f61b702d12d9a465
  md5: e1a6ee4bae4d546dc640aed7b2b4eb7f
  depends:
  - __osx >=11.0
  - libcxx >=19
  license: Apache-2.0
  license_family: Apache
  size: 581464
  timestamp: 1755184654029
- conda: https://conda.anaconda.org/conda-forge/osx-arm64/libjpeg-turbo-3.1.0-h5505292_0.conda
  sha256: 78df2574fa6aa5b6f5fc367c03192f8ddf8e27dc23641468d54e031ff560b9d4
  md5: 01caa4fbcaf0e6b08b3aef1151e91745
  depends:
  - __osx >=11.0
  constrains:
  - jpeg <0.0.0a
  license: IJG AND BSD-3-Clause AND Zlib
  size: 553624
  timestamp: 1745268405713
- conda: https://conda.anaconda.org/conda-forge/osx-arm64/libjxl-0.11.1-h310c780_3.conda
  sha256: 2e9c25d04bf96a9069ed1228a988ae4fadaf0f6c9fb78592369b6cb9a35e22bc
  md5: ca173aa37a0e2fde43bd2113fb8697a0
  depends:
  - __osx >=11.0
  - libbrotlidec >=1.1.0,<1.2.0a0
  - libbrotlienc >=1.1.0,<1.2.0a0
  - libcxx >=19
  - libhwy >=1.3.0,<1.4.0a0
  license: BSD-3-Clause
  license_family: BSD
  size: 922269
  timestamp: 1755256805591
- conda: https://conda.anaconda.org/conda-forge/osx-arm64/liblapack-3.9.0-34_hc9a63f6_openblas.conda
  build_number: 34
  sha256: 659c7cc2d7104c5fa33482d28a6ce085fd116ff5625a117b7dd45a3521bf8efc
  md5: 94b13d05122e301de02842d021eea5fb
  depends:
  - libblas 3.9.0 34_h10e41b3_openblas
  constrains:
  - libcblas   3.9.0   34*_openblas
  - blas 2.134   openblas
  - liblapacke 3.9.0   34*_openblas
  license: BSD-3-Clause
  license_family: BSD
  size: 19532
  timestamp: 1754678979401
- conda: https://conda.anaconda.org/conda-forge/osx-arm64/liblzma-5.8.1-h39f12f2_2.conda
  sha256: 0cb92a9e026e7bd4842f410a5c5c665c89b2eb97794ffddba519a626b8ce7285
  md5: d6df911d4564d77c4374b02552cb17d1
  depends:
  - __osx >=11.0
  constrains:
  - xz 5.8.1.*
  license: 0BSD
  size: 92286
  timestamp: 1749230283517
- conda: https://conda.anaconda.org/conda-forge/osx-arm64/libmpdec-4.0.0-h5505292_0.conda
  sha256: 0a1875fc1642324ebd6c4ac864604f3f18f57fbcf558a8264f6ced028a3c75b2
  md5: 85ccccb47823dd9f7a99d2c7f530342f
  depends:
  - __osx >=11.0
  license: BSD-2-Clause
  license_family: BSD
  size: 71829
  timestamp: 1748393749336
- conda: https://conda.anaconda.org/conda-forge/osx-arm64/libopenblas-0.3.30-openmp_h60d53f8_2.conda
  sha256: 7b8551a4d21cf0b19f9a162f1f283a201b17f1bd5a6579abbd0d004788c511fa
  md5: d004259fd8d3d2798b16299d6ad6c9e9
  depends:
  - __osx >=11.0
  - libgfortran
  - libgfortran5 >=14.3.0
  - llvm-openmp >=19.1.7
  constrains:
  - openblas >=0.3.30,<0.3.31.0a0
  license: BSD-3-Clause
  license_family: BSD
  size: 4284696
  timestamp: 1755471861128
- conda: https://conda.anaconda.org/conda-forge/osx-arm64/libpng-1.6.50-h280e0eb_1.conda
  sha256: a2e0240fb0c79668047b528976872307ea80cb330baf8bf6624ac2c6443449df
  md5: 4d0f5ce02033286551a32208a5519884
  depends:
  - __osx >=11.0
  - libzlib >=1.3.1,<2.0a0
  license: zlib-acknowledgement
  size: 287056
  timestamp: 1753879907258
- conda: https://conda.anaconda.org/conda-forge/osx-arm64/libprotobuf-5.29.3-h6c9c1dd_2.conda
  sha256: 8c6350afed4c78fc5fbab85b8f00af084586176fd5f6e4340f66d2e239d028dc
  md5: cb31a05af57f76e19766ef8b30b3b6d3
  depends:
  - __osx >=11.0
  - libabseil * cxx17*
  - libabseil >=20250127.1,<20250128.0a0
  - libcxx >=19
  - libzlib >=1.3.1,<2.0a0
  license: BSD-3-Clause
  license_family: BSD
  size: 2637991
  timestamp: 1753800039682
- conda: https://conda.anaconda.org/conda-forge/osx-arm64/libre2-11-2025.06.26-hd41c47c_0.conda
  sha256: d125de07bcdeadddd415d2f855f7fe383b066a373fa88244e51c58fef5cb8774
  md5: ce95f5724e52eb76f4cd4be6e7a0d9ae
  depends:
  - __osx >=11.0
  - libabseil * cxx17*
  - libabseil >=20250127.1,<20250128.0a0
  - libcxx >=18
  constrains:
  - re2 2025.06.26.*
  license: BSD-3-Clause
  license_family: BSD
  size: 167704
  timestamp: 1751053331260
- conda: https://conda.anaconda.org/conda-forge/osx-arm64/libsqlite-3.50.4-h4237e3c_0.conda
  sha256: 802ebe62e6bc59fc26b26276b793e0542cfff2d03c086440aeaf72fb8bbcec44
  md5: 1dcb0468f5146e38fae99aef9656034b
  depends:
  - __osx >=11.0
  - icu >=75.1,<76.0a0
  - libzlib >=1.3.1,<2.0a0
  license: blessing
  size: 902645
  timestamp: 1753948599139
- conda: https://conda.anaconda.org/conda-forge/osx-arm64/libtiff-4.7.0-h025e3ab_6.conda
  sha256: d6ed4b307dde5d66b73aa3f155b3ed40ba9394947cfe148e2cd07605ef4b410b
  md5: d0862034c2c563ef1f52a3237c133d8d
  depends:
  - __osx >=11.0
  - lerc >=4.0.0,<5.0a0
  - libcxx >=19
  - libdeflate >=1.24,<1.25.0a0
  - libjpeg-turbo >=3.1.0,<4.0a0
  - liblzma >=5.8.1,<6.0a0
  - libwebp-base >=1.6.0,<2.0a0
  - libzlib >=1.3.1,<2.0a0
  - zstd >=1.5.7,<1.6.0a0
  license: HPND
  size: 372136
  timestamp: 1755012109767
- conda: https://conda.anaconda.org/conda-forge/osx-arm64/libwebp-base-1.6.0-h07db88b_0.conda
  sha256: a4de3f371bb7ada325e1f27a4ef7bcc81b2b6a330e46fac9c2f78ac0755ea3dd
  md5: e5e7d467f80da752be17796b87fe6385
  depends:
  - __osx >=11.0
  constrains:
  - libwebp 1.6.0
  license: BSD-3-Clause
  license_family: BSD
  size: 294974
  timestamp: 1752159906788
- conda: https://conda.anaconda.org/conda-forge/osx-arm64/libxcb-1.17.0-hdb1d25a_0.conda
  sha256: bd3816218924b1e43b275863e21a3e13a5db4a6da74cca8e60bc3c213eb62f71
  md5: af523aae2eca6dfa1c8eec693f5b9a79
  depends:
  - __osx >=11.0
  - pthread-stubs
  - xorg-libxau >=1.0.11,<2.0a0
  - xorg-libxdmcp
  license: MIT
  license_family: MIT
  size: 323658
  timestamp: 1727278733917
- conda: https://conda.anaconda.org/conda-forge/osx-arm64/libzlib-1.3.1-h8359307_2.conda
  sha256: ce34669eadaba351cd54910743e6a2261b67009624dbc7daeeafdef93616711b
  md5: 369964e85dc26bfe78f41399b366c435
  depends:
  - __osx >=11.0
  constrains:
  - zlib 1.3.1 *_2
  license: Zlib
  license_family: Other
  size: 46438
  timestamp: 1727963202283
- conda: https://conda.anaconda.org/conda-forge/osx-arm64/libzopfli-1.0.3-h9f76cd9_0.tar.bz2
  sha256: e3003b8efe551902dc60b21c81d7164b291b26b7862704421368d26ba5c10fa0
  md5: a0758d74f57741aa0d9ede13fd592e56
  depends:
  - libcxx >=11.0.0
  license: Apache-2.0
  license_family: Apache
  size: 147901
  timestamp: 1607309166373
- conda: https://conda.anaconda.org/conda-forge/osx-arm64/llvm-openmp-21.1.0-hbb9b287_0.conda
  sha256: c6750073a128376a14bedacfa90caab4c17025c9687fcf6f96e863b28d543af4
  md5: e57d95fec6eaa747e583323cba6cfe5c
  depends:
  - __osx >=11.0
  constrains:
  - intel-openmp <0.0a0
  - openmp 21.1.0|21.1.0.*
  license: Apache-2.0 WITH LLVM-exception
  size: 286039
  timestamp: 1756673290280
- conda: https://conda.anaconda.org/conda-forge/osx-arm64/lz4-c-1.10.0-h286801f_1.conda
  sha256: 94d3e2a485dab8bdfdd4837880bde3dd0d701e2b97d6134b8806b7c8e69c8652
  md5: 01511afc6cc1909c5303cf31be17b44f
  depends:
  - __osx >=11.0
  - libcxx >=18
  license: BSD-2-Clause
  license_family: BSD
  size: 148824
  timestamp: 1733741047892
- conda: https://conda.anaconda.org/conda-forge/osx-arm64/matplotlib-3.10.5-py313h39782a4_0.conda
  sha256: 07019c7487445103c5384f598ab2362218a8d7424d0c65c7303e71805c22ddc7
  md5: 8105c5b86c6fa83fd48d527bcc488742
  depends:
  - matplotlib-base >=3.10.5,<3.10.6.0a0
  - python >=3.13,<3.14.0a0
  - python_abi 3.13.* *_cp313
  - tornado >=5
  license: PSF-2.0
  license_family: PSF
  size: 17423
  timestamp: 1754005924827
- conda: https://conda.anaconda.org/conda-forge/osx-arm64/matplotlib-base-3.10.5-py313h919948c_0.conda
  sha256: 3942fd6b63ad0ea8a9109dd745e64091ba10bc3fa0504425c6e25633d8fcec9c
  md5: 4029ee1e6d3448aac06fe33d6ceda272
  depends:
  - __osx >=11.0
  - contourpy >=1.0.1
  - cycler >=0.10
  - fonttools >=4.22.0
  - freetype
  - kiwisolver >=1.3.1
  - libcxx >=19
  - libfreetype >=2.13.3
  - libfreetype6 >=2.13.3
  - numpy >=1.23
  - numpy >=1.23,<3
  - packaging >=20.0
  - pillow >=8
  - pyparsing >=2.3.1
  - python >=3.13,<3.14.0a0
  - python >=3.13,<3.14.0a0 *_cp313
  - python-dateutil >=2.7
  - python_abi 3.13.* *_cp313
  - qhull >=2020.2,<2020.3.0a0
  license: PSF-2.0
  license_family: PSF
  size: 8137095
  timestamp: 1754005898026
- conda: https://conda.anaconda.org/conda-forge/osx-arm64/ml_dtypes-0.5.1-py313h668b085_0.conda
  sha256: fcc861786a58082b83cf3fb3fcba7b7f9bba7fbd63ebb30679dc06eddd245a8a
  md5: 073b3b0e062b1f369297c9de7a786a87
  depends:
  - __osx >=11.0
  - libcxx >=18
  - numpy >=1.21,<3
  - python >=3.13,<3.14.0a0
  - python >=3.13,<3.14.0a0 *_cp313
  - python_abi 3.13.* *_cp313
  license: MPL-2.0 AND Apache-2.0
  size: 201206
  timestamp: 1736539081874
- conda: https://conda.anaconda.org/conda-forge/noarch/munkres-1.1.4-pyhd8ed1ab_1.conda
  sha256: d09c47c2cf456de5c09fa66d2c3c5035aa1fa228a1983a433c47b876aa16ce90
  md5: 37293a85a0f4f77bbd9cf7aaefc62609
  depends:
  - python >=3.9
  license: Apache-2.0
  license_family: Apache
  size: 15851
  timestamp: 1749895533014
- conda: https://conda.anaconda.org/conda-forge/osx-arm64/ncurses-6.5-h5e97a16_3.conda
  sha256: 2827ada40e8d9ca69a153a45f7fd14f32b2ead7045d3bbb5d10964898fe65733
  md5: 068d497125e4bf8a66bf707254fff5ae
  depends:
  - __osx >=11.0
  license: X11 AND BSD-3-Clause
  size: 797030
  timestamp: 1738196177597
- conda: https://conda.anaconda.org/conda-forge/noarch/networkx-3.5-pyhe01879c_0.conda
  sha256: 02019191a2597865940394ff42418b37bc585a03a1c643d7cea9981774de2128
  md5: 16bff3d37a4f99e3aa089c36c2b8d650
  depends:
  - python >=3.11
  - python
  constrains:
  - numpy >=1.25
  - scipy >=1.11.2
  - matplotlib >=3.8
  - pandas >=2.0
  license: BSD-3-Clause
  license_family: BSD
  size: 1564462
  timestamp: 1749078300258
- conda: https://conda.anaconda.org/conda-forge/osx-arm64/numpy-2.3.2-py313h674b998_2.conda
  sha256: f3603c74f79a9f8a67eb8f4ce4b678036ca3de6dd329657ae19a298cd956f66e
  md5: 9c44ae43d006497eef4ba440820f9997
  depends:
  - python
  - __osx >=11.0
  - libcxx >=19
  - python 3.13.* *_cp313
  - python_abi 3.13.* *_cp313
  - libcblas >=3.9.0,<4.0a0
  - libblas >=3.9.0,<4.0a0
  - liblapack >=3.9.0,<4.0a0
  constrains:
  - numpy-base <0a0
  license: BSD-3-Clause
  license_family: BSD
  size: 6748521
  timestamp: 1756343067600
- conda: https://conda.anaconda.org/conda-forge/osx-arm64/openjpeg-2.5.3-h889cd5d_1.conda
  sha256: 6013916893fcd9bc97c479279cfe4616de7735ec566bad0ee41bc729e14d31b2
  md5: ab581998c77c512d455a13befcddaac3
  depends:
  - __osx >=11.0
  - libcxx >=19
  - libpng >=1.6.50,<1.7.0a0
  - libtiff >=4.7.0,<4.8.0a0
  - libzlib >=1.3.1,<2.0a0
  license: BSD-2-Clause
  license_family: BSD
  size: 320198
  timestamp: 1754297986425
- conda: https://conda.anaconda.org/conda-forge/osx-arm64/openssl-3.5.2-he92f556_0.conda
  sha256: f6d1c87dbcf7b39fad24347570166dade1c533ae2d53c60a70fa4dc874ef0056
  md5: bcb0d87dfbc199d0a461d2c7ca30b3d8
  depends:
  - __osx >=11.0
  - ca-certificates
  license: Apache-2.0
  license_family: Apache
  size: 3074848
  timestamp: 1754465710470
- conda: https://conda.anaconda.org/conda-forge/noarch/opt_einsum-3.4.0-pyhd8ed1ab_1.conda
  sha256: af71aabb2bfa4b2c89b7b06403e5cec23b418452cae9f9772bd7ac3f9ea1ff44
  md5: 52919815cd35c4e1a0298af658ccda04
  depends:
  - python >=3.9
  license: MIT
  license_family: MIT
  size: 62479
  timestamp: 1733688053334
- conda: https://conda.anaconda.org/conda-forge/noarch/packaging-25.0-pyh29332c3_1.conda
  sha256: 289861ed0c13a15d7bbb408796af4de72c2fe67e2bcb0de98f4c3fce259d7991
  md5: 58335b26c38bf4a20f399384c33cbcf9
  depends:
  - python >=3.8
  - python
  license: Apache-2.0
  license_family: APACHE
  size: 62477
  timestamp: 1745345660407
- conda: https://conda.anaconda.org/conda-forge/osx-arm64/pillow-11.3.0-py313hb37fac4_0.conda
  sha256: 7cde8deee86b0c57640a8c48a895490244ebff147bbeb67f5bf671368c27b12a
  md5: fa126c6e1b159bab7fdb7a89ce7cdf58
  depends:
  - __osx >=11.0
  - lcms2 >=2.17,<3.0a0
  - libfreetype >=2.13.3
  - libfreetype6 >=2.13.3
  - libjpeg-turbo >=3.1.0,<4.0a0
  - libtiff >=4.7.0,<4.8.0a0
  - libwebp-base >=1.5.0,<2.0a0
  - libxcb >=1.17.0,<2.0a0
  - libzlib >=1.3.1,<2.0a0
  - openjpeg >=2.5.3,<3.0a0
  - python >=3.13,<3.14.0a0
  - python >=3.13,<3.14.0a0 *_cp313
  - python_abi 3.13.* *_cp313
  - tk >=8.6.13,<8.7.0a0
  license: HPND
  size: 42120953
  timestamp: 1751482521154
- conda: https://conda.anaconda.org/conda-forge/osx-arm64/psutil-7.0.0-py313hcdf3177_1.conda
  sha256: 4964c94067fdf290d4790095ead992b2a3afb438bff8bd9b51c444d97fb63914
  md5: 1ce8cf644e210b54665d8e46850d7567
  depends:
  - __osx >=11.0
  - python >=3.13,<3.14.0a0
  - python >=3.13,<3.14.0a0 *_cp313
  - python_abi 3.13.* *_cp313
  license: BSD-3-Clause
  license_family: BSD
  size: 484934
  timestamp: 1755851718841
- conda: https://conda.anaconda.org/conda-forge/osx-arm64/pthread-stubs-0.4-hd74edd7_1002.conda
  sha256: 8ed65e17fbb0ca944bfb8093b60086e3f9dd678c3448b5de212017394c247ee3
  md5: 415816daf82e0b23a736a069a75e9da7
  depends:
  - __osx >=11.0
  license: MIT
  license_family: MIT
  size: 8381
  timestamp: 1726802424786
- conda: https://conda.anaconda.org/conda-forge/noarch/pyparsing-3.2.3-pyhe01879c_2.conda
  sha256: afe32182b1090911b64ac0f29eb47e03a015d142833d8a917defd65d91c99b74
  md5: aa0028616c0750c773698fdc254b2b8d
  depends:
  - python >=3.9
  - python
  license: MIT
  license_family: MIT
  size: 102292
  timestamp: 1753873557076
- conda: https://conda.anaconda.org/conda-forge/osx-arm64/python-3.13.5-hf3f3da0_102_cp313.conda
  build_number: 102
  sha256: ee1b09fb5563be8509bb9b29b2b436a0af75488b5f1fa6bcd93fe0fba597d13f
  md5: 123b7f04e7b8d6fc206cf2d3466f8a4b
  depends:
  - __osx >=11.0
  - bzip2 >=1.0.8,<2.0a0
  - libexpat >=2.7.0,<3.0a0
  - libffi >=3.4.6,<3.5.0a0
  - liblzma >=5.8.1,<6.0a0
  - libmpdec >=4.0.0,<5.0a0
  - libsqlite >=3.50.1,<4.0a0
  - libzlib >=1.3.1,<2.0a0
  - ncurses >=6.5,<7.0a0
  - openssl >=3.5.0,<4.0a0
  - python_abi 3.13.* *_cp313
  - readline >=8.2,<9.0a0
  - tk >=8.6.13,<8.7.0a0
  - tzdata
  license: Python-2.0
  size: 12931515
  timestamp: 1750062475020
  python_site_packages_path: lib/python3.13/site-packages
- conda: https://conda.anaconda.org/conda-forge/noarch/python-dateutil-2.9.0.post0-pyhe01879c_2.conda
  sha256: d6a17ece93bbd5139e02d2bd7dbfa80bee1a4261dced63f65f679121686bf664
  md5: 5b8d21249ff20967101ffa321cab24e8
  depends:
  - python >=3.9
  - six >=1.5
  - python
  license: Apache-2.0
  license_family: APACHE
  size: 233310
  timestamp: 1751104122689
- conda: https://conda.anaconda.org/conda-forge/noarch/python_abi-3.13-8_cp313.conda
  build_number: 8
  sha256: 210bffe7b121e651419cb196a2a63687b087497595c9be9d20ebe97dd06060a7
  md5: 94305520c52a4aa3f6c2b1ff6008d9f8
  constrains:
  - python 3.13.* *_cp313
  license: BSD-3-Clause
  license_family: BSD
  size: 7002
  timestamp: 1752805902938
- conda: https://conda.anaconda.org/conda-forge/osx-arm64/pywavelets-1.9.0-py313h2732efb_1.conda
  sha256: 1c75301c988768d07ab696d702600429c60ca8887acdb40c55cf89a162c516f4
  md5: 675a3f0cdde6fb52553abb1f42b06961
  depends:
  - __osx >=11.0
  - numpy >=1.23,<3
  - numpy >=1.25,<3
  - python >=3.13,<3.14.0a0
  - python >=3.13,<3.14.0a0 *_cp313
  - python_abi 3.13.* *_cp313
  license: MIT
  license_family: MIT
  size: 3631625
  timestamp: 1756513735863
- conda: https://conda.anaconda.org/conda-forge/osx-arm64/qhull-2020.2-h420ef59_5.conda
  sha256: 873ac689484262a51fd79bc6103c1a1bedbf524924d7f0088fb80703042805e4
  md5: 6483b1f59526e05d7d894e466b5b6924
  depends:
  - __osx >=11.0
  - libcxx >=16
  license: LicenseRef-Qhull
  size: 516376
  timestamp: 1720814307311
- conda: https://conda.anaconda.org/conda-forge/osx-arm64/rav1e-0.7.1-h0716509_3.conda
  sha256: 65f862b2b31ef2b557990a82015cbd41e5a66041c2f79b4451dd14b4595d4c04
  md5: 7b37f30516100b86ea522350c8cab44c
  depends:
  - __osx >=11.0
  constrains:
  - __osx >=11.0
  license: BSD-2-Clause
  license_family: BSD
  size: 856271
  timestamp: 1746622200646
- conda: https://conda.anaconda.org/conda-forge/osx-arm64/re2-2025.06.26-h6589ca4_0.conda
  sha256: d7c4f0144530c829bc9c39d1e17f31242a15f4e91c9d7d0f8dda58ab245988bb
  md5: d519f1f98599719494472639406faffb
  depends:
  - libre2-11 2025.06.26 hd41c47c_0
  license: BSD-3-Clause
  license_family: BSD
  size: 27423
  timestamp: 1751053372858
- conda: https://conda.anaconda.org/conda-forge/osx-arm64/readline-8.2-h1d1bf99_2.conda
  sha256: 7db04684d3904f6151eff8673270922d31da1eea7fa73254d01c437f49702e34
  md5: 63ef3f6e6d6d5c589e64f11263dc5676
  depends:
  - ncurses >=6.5,<7.0a0
  license: GPL-3.0-only
  license_family: GPL
  size: 252359
  timestamp: 1740379663071
- conda: https://conda.anaconda.org/conda-forge/osx-arm64/scikit-image-0.25.2-py313h668b085_1.conda
  sha256: 6a86562e7ece48562a9b8bb14dce5cff1e11d393c1df22df65fdd2a3090fee71
  md5: 13185c166454bb6cb8907f529494d083
  depends:
  - __osx >=11.0
  - imageio >=2.33,!=2.35.0
  - lazy-loader >=0.4
  - libcxx >=18
  - networkx >=3.0
  - numpy >=1.21,<3
  - numpy >=1.24
  - packaging >=21
  - pillow >=10.1
  - python >=3.13,<3.14.0a0
  - python >=3.13,<3.14.0a0 *_cp313
  - python_abi 3.13.* *_cp313
  - pywavelets >=1.1.1
  - scipy >=1.11.4
  - tifffile >=2022.8.12
  constrains:
  - toolz >=0.10.0
  - numpy >=1.24
  - pyamg >=5.2
  - astropy >=6.0
  - cytoolz >=0.11.0
  - cloudpickle >=3.0
  - scikit-learn >=1.2
  - pywavelets >=1.6
  - pooch >=1.6.0
  - dask-core >=2022.11.0,!=2024.8.0
  - matplotlib-base >=3.7
  license: BSD-3-Clause
  license_family: BSD
  size: 10689935
  timestamp: 1747533181382
- conda: https://conda.anaconda.org/conda-forge/osx-arm64/scipy-1.16.1-py313h7d0615d_1.conda
  sha256: 9d365a0ec5f3e710d13fb3497cc6549c0b3153b2fa1ac27476f32ada81c4deca
  md5: cfa5f5e690bacf0b2aef1b0ba2c67391
  depends:
  - __osx >=11.0
  - libblas >=3.9.0,<4.0a0
  - libcblas >=3.9.0,<4.0a0
  - libcxx >=19
  - libgfortran
  - libgfortran5 >=14.3.0
  - libgfortran5 >=15.1.0
  - liblapack >=3.9.0,<4.0a0
  - numpy <2.6
  - numpy >=1.23,<3
  - numpy >=1.25.2
  - python >=3.13,<3.14.0a0
  - python >=3.13,<3.14.0a0 *_cp313
  - python_abi 3.13.* *_cp313
  license: BSD-3-Clause
  size: 13967703
  timestamp: 1756530201442
- conda: https://conda.anaconda.org/conda-forge/noarch/six-1.17.0-pyhe01879c_1.conda
  sha256: 458227f759d5e3fcec5d9b7acce54e10c9e1f4f4b7ec978f3bfd54ce4ee9853d
  md5: 3339e3b65d58accf4ca4fb8748ab16b3
  depends:
  - python >=3.9
  - python
  license: MIT
  license_family: MIT
  size: 18455
  timestamp: 1753199211006
- conda: https://conda.anaconda.org/conda-forge/osx-arm64/snappy-1.2.2-hd121638_0.conda
  sha256: b3d447d72d2af824006f4ba78ae4188747886d6d95f2f165fe67b95541f02b05
  md5: ba9ca3813f4db8c0d85d3c84404e02ba
  depends:
  - libcxx >=19
  - __osx >=11.0
  license: BSD-3-Clause
  license_family: BSD
  size: 38824
  timestamp: 1753083462800
- conda: https://conda.anaconda.org/conda-forge/osx-arm64/svt-av1-3.1.2-h12ba402_0.conda
  sha256: 3b0f4f2a6697f0cdbbe0c0b5f5c7fa8064483d58b4d9674d5babda7f7146af7a
  md5: cb56c114b25f20bd09ef1c66a21136ff
  depends:
  - __osx >=11.0
  - libcxx >=19
  license: BSD-2-Clause
  license_family: BSD
  size: 1474592
  timestamp: 1756086729326
- conda: https://conda.anaconda.org/conda-forge/noarch/tifffile-2025.8.28-pyhd8ed1ab_0.conda
  sha256: d2210bda3139d27ad5f9742958551cd2ced7795b1561e6b9972f424291ca51b1
  md5: e0f7cde8a414346e6b92100d6e9253ce
  depends:
  - imagecodecs >=2024.12.30
  - numpy >=1.19.2
  - python >=3.11
  constrains:
  - matplotlib-base >=3.3
  license: BSD-3-Clause
  license_family: BSD
  size: 182729
  timestamp: 1756375987567
- conda: https://conda.anaconda.org/conda-forge/osx-arm64/tk-8.6.13-h892fb3f_2.conda
  sha256: cb86c522576fa95c6db4c878849af0bccfd3264daf0cc40dd18e7f4a7bfced0e
  md5: 7362396c170252e7b7b0c8fb37fe9c78
  depends:
  - __osx >=11.0
  - libzlib >=1.3.1,<2.0a0
  license: TCL
  license_family: BSD
  size: 3125538
  timestamp: 1748388189063
- conda: https://conda.anaconda.org/conda-forge/osx-arm64/tornado-6.5.2-py313hcdf3177_0.conda
  sha256: e687a470c8cea7815da666493cb6161948a7a1ae118237624db7689612732a04
  md5: d086389c0d48b2751361720665321eeb
  depends:
  - __osx >=11.0
  - python >=3.13,<3.14.0a0
  - python >=3.13,<3.14.0a0 *_cp313
  - python_abi 3.13.* *_cp313
  license: Apache-2.0
  license_family: Apache
  size: 875854
  timestamp: 1754732465438
- conda: https://conda.anaconda.org/conda-forge/noarch/tzdata-2025b-h78e105d_0.conda
  sha256: 5aaa366385d716557e365f0a4e9c3fca43ba196872abbbe3d56bb610d131e192
  md5: 4222072737ccff51314b5ece9c7d6f5a
  license: LicenseRef-Public-Domain
  size: 122968
  timestamp: 1742727099393
- conda: https://conda.anaconda.org/conda-forge/osx-arm64/xorg-libxau-1.0.12-h5505292_0.conda
  sha256: f33e6f013fc36ebc200f09ddead83468544cb5c353a3b50499b07b8c34e28a8d
  md5: 50901e0764b7701d8ed7343496f4f301
  depends:
  - __osx >=11.0
  license: MIT
  license_family: MIT
  size: 13593
  timestamp: 1734229104321
- conda: https://conda.anaconda.org/conda-forge/osx-arm64/xorg-libxdmcp-1.1.5-hd74edd7_0.conda
  sha256: 9939a166d780700d81023546759102b33fdc2c5f11ef09f5f66c77210fd334c8
  md5: 77c447f48cab5d3a15ac224edb86a968
  depends:
  - __osx >=11.0
  license: MIT
  license_family: MIT
  size: 18487
  timestamp: 1727795205022
- conda: https://conda.anaconda.org/conda-forge/osx-arm64/zfp-1.0.1-hfd287c0_3.conda
  sha256: 170837ffa29268dad8bb8495eb0fe4e09a941af4ab48a84aff682b0b1f84b540
  md5: 5cf85324979643e4d7057bdac9ede019
  depends:
  - __osx >=11.0
  - libcxx >=19
  - llvm-openmp >=19.1.7
  license: BSD-3-Clause
  license_family: BSD
  size: 203160
  timestamp: 1756514364308
- conda: https://conda.anaconda.org/conda-forge/noarch/zipp-3.23.0-pyhd8ed1ab_0.conda
  sha256: 7560d21e1b021fd40b65bfb72f67945a3fcb83d78ad7ccf37b8b3165ec3b68ad
  md5: df5e78d904988eb55042c0c97446079f
  depends:
  - python >=3.9
  license: MIT
  license_family: MIT
  size: 22963
  timestamp: 1749421737203
- conda: https://conda.anaconda.org/conda-forge/osx-arm64/zlib-ng-2.2.5-hf787086_0.conda
  sha256: 4b4220f03844aaaffa7868023963415e14cddd456f00b8fa78ee4a16fecd1b60
  md5: fb78d469f8e0f1eb5bbbfd249aeed447
  depends:
  - __osx >=11.0
  - libcxx >=19
  license: Zlib
  license_family: Other
  size: 87638
  timestamp: 1754587529491
- conda: https://conda.anaconda.org/conda-forge/osx-arm64/zstd-1.5.7-h6491c7d_2.conda
  sha256: 0d02046f57f7a1a3feae3e9d1aa2113788311f3cf37a3244c71e61a93177ba67
  md5: e6f69c7bcccdefa417f056fa593b40f0
  depends:
  - __osx >=11.0
  - libzlib >=1.3.1,<2.0a0
  license: BSD-3-Clause
  license_family: BSD
  size: 399979
  timestamp: 1742433432699
